
Microsoft Visual Studio Solution File, Format Version 12.00
# Visual Studio 2013
VisualStudioVersion = 12.0.40629.0
MinimumVisualStudioVersion = 10.0.40219.1
Project("{2150E333-8FDC-42A3-9474-1A3956D46DE8}") = "WeiXin", "WeiXin", "{B4EA47F3-4D7D-4D22-8F30-6224FBC730F9}"
EndProject
Project("{2150E333-8FDC-42A3-9474-1A3956D46DE8}") = "Extentions", "Extentions", "{7C4C5E46-88A4-4D61-BC7F-D15073B08404}"
EndProject
Project("{2150E333-8FDC-42A3-9474-1A3956D46DE8}") = "Entrance", "Entrance", "{E9C62BC0-8035-4697-AFE8-81F577F02851}"
EndProject
Project("{FAE04EC0-301F-11D3-BF4B-00C04F79EFBC}") = "TPS.WeiXin.Entrance.Web", "WeiXin\Entrance\TPS.WeiXin.Entrance.Web\TPS.WeiXin.Entrance.Web.csproj", "{1770B82D-79E5-4A33-9F0C-1D4A761EE96E}"
EndProject
Project("{FAE04EC0-301F-11D3-BF4B-00C04F79EFBC}") = "TPS.WeiXin.Extentions.IEvent", "WeiXin\Extentions\TPS.WeiXin.Extentions.IEvent\TPS.WeiXin.Extentions.IEvent.csproj", "{A89EA90D-0A1B-4250-9206-C90C02078A54}"
EndProject
Project("{FAE04EC0-301F-11D3-BF4B-00C04F79EFBC}") = "TPS.WeiXin.Extentions.IFunction", "WeiXin\Extentions\TPS.WeiXin.Extentions.IFunction\TPS.WeiXin.Extentions.IFunction.csproj", "{EA2310DA-8889-4D8D-8784-217DCBC2C2F6}"
EndProject
Project("{FAE04EC0-301F-11D3-BF4B-00C04F79EFBC}") = "TPS.WeiXin.Extentions.BaseFunction", "WeiXin\Extentions\TPS.WeiXin.Extentions.BaseFunction\TPS.WeiXin.Extentions.BaseFunction.csproj", "{D8AD0533-C9DB-449B-8C9F-FCF810C594CF}"
EndProject
Project("{2150E333-8FDC-42A3-9474-1A3956D46DE8}") = "DataAccess", "DataAccess", "{EBC85FAC-8DB9-4CC3-A55D-43CDD9C3496C}"
EndProject
Project("{FAE04EC0-301F-11D3-BF4B-00C04F79EFBC}") = "TPS.WeiXin.DataAccess.Entities", "WeiXin\DataAccess\TPS.WeiXin.DataAccess.Entities\TPS.WeiXin.DataAccess.Entities.csproj", "{59197B8C-7106-47D5-A057-D46B0B26AE25}"
EndProject
Project("{FAE04EC0-301F-11D3-BF4B-00C04F79EFBC}") = "TPS.WeiXin.DataAccess.Implement", "WeiXin\DataAccess\TPS.WeiXin.DataAccess.Implement\TPS.WeiXin.DataAccess.Implement.csproj", "{11347721-45D0-436B-879A-C841E888FD7C}"
EndProject
Project("{2150E333-8FDC-42A3-9474-1A3956D46DE8}") = "Common", "Common", "{8F9725A5-4963-4077-9B92-A42D6B6C7458}"
EndProject
Project("{FAE04EC0-301F-11D3-BF4B-00C04F79EFBC}") = "TPS.WeiXin.Common.Utility", "WeiXin\Common\TPS.WeiXin.Common.Utility\TPS.WeiXin.Common.Utility.csproj", "{B10420DD-EEDF-408D-A8F3-D1647376F399}"
EndProject
Project("{FAE04EC0-301F-11D3-BF4B-00C04F79EFBC}") = "TPS.WeiXin.Common.Model", "WeiXin\Common\TPS.WeiXin.Common.Model\TPS.WeiXin.Common.Model.csproj", "{FC7C1967-C6B6-49ED-A376-ECE4DA7A62BF}"
EndProject
Project("{2150E333-8FDC-42A3-9474-1A3956D46DE8}") = "Common", "Common", "{A7D24D3D-8263-40CE-B09E-0D0DF9C2DD21}"
EndProject
Project("{2150E333-8FDC-42A3-9474-1A3956D46DE8}") = "Test", "Test", "{A7CD37AB-7A8F-40A6-8DBA-2F6F0945C71D}"
EndProject
Project("{FAE04EC0-301F-11D3-BF4B-00C04F79EFBC}") = "TPS.Common.Event", "Common\TPS.Common.Event\TPS.Common.Event.csproj", "{A48FDD4E-9B1B-4DF6-A0AA-1F4F66DFD2DB}"
EndProject
Project("{FAE04EC0-301F-11D3-BF4B-00C04F79EFBC}") = "TPS.Common.Utility", "Common\TPS.Common.Utility\TPS.Common.Utility.csproj", "{02644BDE-21E5-4096-A1B2-1F83F3D160D8}"
EndProject
Project("{FAE04EC0-301F-11D3-BF4B-00C04F79EFBC}") = "TPS.Test.CommonTest", "Test\TPS.Test.CommonTest\TPS.Test.CommonTest.csproj", "{28EEBE1A-96B2-4CC4-B792-AD1B414F29D8}"
EndProject
Project("{2150E333-8FDC-42A3-9474-1A3956D46DE8}") = "Solution Items", "Solution Items", "{27BB238F-3B7A-4492-88F2-28E9FD82FE2D}"
	ProjectSection(SolutionItems) = preProject
		README.md = README.md
	EndProjectSection
EndProject
Project("{FAE04EC0-301F-11D3-BF4B-00C04F79EFBC}") = "TPS.WeiXin.Extentions.BaseCorpFunction", "WeiXin\Extentions\TPS.WeiXin.Extentions.BaseCorpFunction\TPS.WeiXin.Extentions.BaseCorpFunction.csproj", "{404CD23D-D0A4-4721-A384-CFD8C7749DCB}"
EndProject
Project("{FAE04EC0-301F-11D3-BF4B-00C04F79EFBC}") = "TPS.WeiXin.Common.Helper", "WeiXin\Common\TPS.WeiXin.Common.Helper\TPS.WeiXin.Common.Helper.csproj", "{C102B8C2-285F-4D32-827F-2E2BE1AC2179}"
EndProject
Project("{FAE04EC0-301F-11D3-BF4B-00C04F79EFBC}") = "TPS.WeiXin.Common.SrvcModel", "WeiXin\Common\TPS.WeiXin.Common.SrvcModel\TPS.WeiXin.Common.SrvcModel.csproj", "{5F11D342-C075-497D-A1BE-F0C8D9217AB0}"
EndProject
Project("{2150E333-8FDC-42A3-9474-1A3956D46DE8}") = "Service", "Service", "{224BC144-3AEA-467B-9558-4F77D90FC1DE}"
EndProject
Project("{FAE04EC0-301F-11D3-BF4B-00C04F79EFBC}") = "TPS.WeiXin.Service.MixService", "WeiXin\Service\TPS.WeiXin.Service.MixService\TPS.WeiXin.Service.MixService.csproj", "{6D2140A2-35B0-4256-9770-BE7A6A1C8C1A}"
EndProject
Global
	GlobalSection(SolutionConfigurationPlatforms) = preSolution
		134Release|Any CPU = 134Release|Any CPU
		Debug|Any CPU = Debug|Any CPU
		Release|Any CPU = Release|Any CPU
		Test|Any CPU = Test|Any CPU
	EndGlobalSection
	GlobalSection(ProjectConfigurationPlatforms) = postSolution
		{1770B82D-79E5-4A33-9F0C-1D4A761EE96E}.134Release|Any CPU.ActiveCfg = Release|Any CPU
		{1770B82D-79E5-4A33-9F0C-1D4A761EE96E}.134Release|Any CPU.Build.0 = Release|Any CPU
		{1770B82D-79E5-4A33-9F0C-1D4A761EE96E}.Debug|Any CPU.ActiveCfg = Debug|Any CPU
		{1770B82D-79E5-4A33-9F0C-1D4A761EE96E}.Debug|Any CPU.Build.0 = Debug|Any CPU
		{1770B82D-79E5-4A33-9F0C-1D4A761EE96E}.Release|Any CPU.ActiveCfg = Release|Any CPU
		{1770B82D-79E5-4A33-9F0C-1D4A761EE96E}.Release|Any CPU.Build.0 = Release|Any CPU
		{1770B82D-79E5-4A33-9F0C-1D4A761EE96E}.Test|Any CPU.ActiveCfg = Test|Any CPU
		{1770B82D-79E5-4A33-9F0C-1D4A761EE96E}.Test|Any CPU.Build.0 = Test|Any CPU
		{A89EA90D-0A1B-4250-9206-C90C02078A54}.134Release|Any CPU.ActiveCfg = Release|Any CPU
		{A89EA90D-0A1B-4250-9206-C90C02078A54}.134Release|Any CPU.Build.0 = Release|Any CPU
		{A89EA90D-0A1B-4250-9206-C90C02078A54}.Debug|Any CPU.ActiveCfg = Debug|Any CPU
		{A89EA90D-0A1B-4250-9206-C90C02078A54}.Debug|Any CPU.Build.0 = Debug|Any CPU
		{A89EA90D-0A1B-4250-9206-C90C02078A54}.Release|Any CPU.ActiveCfg = Release|Any CPU
		{A89EA90D-0A1B-4250-9206-C90C02078A54}.Release|Any CPU.Build.0 = Release|Any CPU
		{A89EA90D-0A1B-4250-9206-C90C02078A54}.Test|Any CPU.ActiveCfg = Debug|Any CPU
		{A89EA90D-0A1B-4250-9206-C90C02078A54}.Test|Any CPU.Build.0 = Debug|Any CPU
		{EA2310DA-8889-4D8D-8784-217DCBC2C2F6}.134Release|Any CPU.ActiveCfg = Release|Any CPU
		{EA2310DA-8889-4D8D-8784-217DCBC2C2F6}.134Release|Any CPU.Build.0 = Release|Any CPU
		{EA2310DA-8889-4D8D-8784-217DCBC2C2F6}.Debug|Any CPU.ActiveCfg = Debug|Any CPU
		{EA2310DA-8889-4D8D-8784-217DCBC2C2F6}.Debug|Any CPU.Build.0 = Debug|Any CPU
		{EA2310DA-8889-4D8D-8784-217DCBC2C2F6}.Release|Any CPU.ActiveCfg = Release|Any CPU
		{EA2310DA-8889-4D8D-8784-217DCBC2C2F6}.Release|Any CPU.Build.0 = Release|Any CPU
		{EA2310DA-8889-4D8D-8784-217DCBC2C2F6}.Test|Any CPU.ActiveCfg = Debug|Any CPU
		{EA2310DA-8889-4D8D-8784-217DCBC2C2F6}.Test|Any CPU.Build.0 = Debug|Any CPU
		{D8AD0533-C9DB-449B-8C9F-FCF810C594CF}.134Release|Any CPU.ActiveCfg = Release|Any CPU
		{D8AD0533-C9DB-449B-8C9F-FCF810C594CF}.134Release|Any CPU.Build.0 = Release|Any CPU
		{D8AD0533-C9DB-449B-8C9F-FCF810C594CF}.Debug|Any CPU.ActiveCfg = Debug|Any CPU
		{D8AD0533-C9DB-449B-8C9F-FCF810C594CF}.Debug|Any CPU.Build.0 = Debug|Any CPU
		{D8AD0533-C9DB-449B-8C9F-FCF810C594CF}.Release|Any CPU.ActiveCfg = Release|Any CPU
		{D8AD0533-C9DB-449B-8C9F-FCF810C594CF}.Release|Any CPU.Build.0 = Release|Any CPU
		{D8AD0533-C9DB-449B-8C9F-FCF810C594CF}.Test|Any CPU.ActiveCfg = Debug|Any CPU
		{D8AD0533-C9DB-449B-8C9F-FCF810C594CF}.Test|Any CPU.Build.0 = Debug|Any CPU
		{59197B8C-7106-47D5-A057-D46B0B26AE25}.134Release|Any CPU.ActiveCfg = Release|Any CPU
		{59197B8C-7106-47D5-A057-D46B0B26AE25}.134Release|Any CPU.Build.0 = Release|Any CPU
		{59197B8C-7106-47D5-A057-D46B0B26AE25}.Debug|Any CPU.ActiveCfg = Debug|Any CPU
		{59197B8C-7106-47D5-A057-D46B0B26AE25}.Debug|Any CPU.Build.0 = Debug|Any CPU
		{59197B8C-7106-47D5-A057-D46B0B26AE25}.Release|Any CPU.ActiveCfg = Release|Any CPU
		{59197B8C-7106-47D5-A057-D46B0B26AE25}.Release|Any CPU.Build.0 = Release|Any CPU
		{59197B8C-7106-47D5-A057-D46B0B26AE25}.Test|Any CPU.ActiveCfg = Debug|Any CPU
		{59197B8C-7106-47D5-A057-D46B0B26AE25}.Test|Any CPU.Build.0 = Debug|Any CPU
		{11347721-45D0-436B-879A-C841E888FD7C}.134Release|Any CPU.ActiveCfg = Release|Any CPU
		{11347721-45D0-436B-879A-C841E888FD7C}.134Release|Any CPU.Build.0 = Release|Any CPU
		{11347721-45D0-436B-879A-C841E888FD7C}.Debug|Any CPU.ActiveCfg = Debug|Any CPU
		{11347721-45D0-436B-879A-C841E888FD7C}.Debug|Any CPU.Build.0 = Debug|Any CPU
		{11347721-45D0-436B-879A-C841E888FD7C}.Release|Any CPU.ActiveCfg = Release|Any CPU
		{11347721-45D0-436B-879A-C841E888FD7C}.Release|Any CPU.Build.0 = Release|Any CPU
		{11347721-45D0-436B-879A-C841E888FD7C}.Test|Any CPU.ActiveCfg = Debug|Any CPU
		{11347721-45D0-436B-879A-C841E888FD7C}.Test|Any CPU.Build.0 = Debug|Any CPU
		{B10420DD-EEDF-408D-A8F3-D1647376F399}.134Release|Any CPU.ActiveCfg = Release|Any CPU
		{B10420DD-EEDF-408D-A8F3-D1647376F399}.134Release|Any CPU.Build.0 = Release|Any CPU
		{B10420DD-EEDF-408D-A8F3-D1647376F399}.Debug|Any CPU.ActiveCfg = Debug|Any CPU
		{B10420DD-EEDF-408D-A8F3-D1647376F399}.Debug|Any CPU.Build.0 = Debug|Any CPU
		{B10420DD-EEDF-408D-A8F3-D1647376F399}.Release|Any CPU.ActiveCfg = Release|Any CPU
		{B10420DD-EEDF-408D-A8F3-D1647376F399}.Release|Any CPU.Build.0 = Release|Any CPU
		{B10420DD-EEDF-408D-A8F3-D1647376F399}.Test|Any CPU.ActiveCfg = Release|Any CPU
		{B10420DD-EEDF-408D-A8F3-D1647376F399}.Test|Any CPU.Build.0 = Release|Any CPU
		{FC7C1967-C6B6-49ED-A376-ECE4DA7A62BF}.134Release|Any CPU.ActiveCfg = Release|Any CPU
		{FC7C1967-C6B6-49ED-A376-ECE4DA7A62BF}.134Release|Any CPU.Build.0 = Release|Any CPU
		{FC7C1967-C6B6-49ED-A376-ECE4DA7A62BF}.Debug|Any CPU.ActiveCfg = Debug|Any CPU
		{FC7C1967-C6B6-49ED-A376-ECE4DA7A62BF}.Debug|Any CPU.Build.0 = Debug|Any CPU
		{FC7C1967-C6B6-49ED-A376-ECE4DA7A62BF}.Release|Any CPU.ActiveCfg = Release|Any CPU
		{FC7C1967-C6B6-49ED-A376-ECE4DA7A62BF}.Release|Any CPU.Build.0 = Release|Any CPU
		{FC7C1967-C6B6-49ED-A376-ECE4DA7A62BF}.Test|Any CPU.ActiveCfg = Release|Any CPU
		{FC7C1967-C6B6-49ED-A376-ECE4DA7A62BF}.Test|Any CPU.Build.0 = Release|Any CPU
		{A48FDD4E-9B1B-4DF6-A0AA-1F4F66DFD2DB}.134Release|Any CPU.ActiveCfg = Release|Any CPU
		{A48FDD4E-9B1B-4DF6-A0AA-1F4F66DFD2DB}.134Release|Any CPU.Build.0 = Release|Any CPU
		{A48FDD4E-9B1B-4DF6-A0AA-1F4F66DFD2DB}.Debug|Any CPU.ActiveCfg = Debug|Any CPU
		{A48FDD4E-9B1B-4DF6-A0AA-1F4F66DFD2DB}.Debug|Any CPU.Build.0 = Debug|Any CPU
		{A48FDD4E-9B1B-4DF6-A0AA-1F4F66DFD2DB}.Release|Any CPU.ActiveCfg = Release|Any CPU
		{A48FDD4E-9B1B-4DF6-A0AA-1F4F66DFD2DB}.Release|Any CPU.Build.0 = Release|Any CPU
		{A48FDD4E-9B1B-4DF6-A0AA-1F4F66DFD2DB}.Test|Any CPU.ActiveCfg = Release|Any CPU
		{A48FDD4E-9B1B-4DF6-A0AA-1F4F66DFD2DB}.Test|Any CPU.Build.0 = Release|Any CPU
		{02644BDE-21E5-4096-A1B2-1F83F3D160D8}.134Release|Any CPU.ActiveCfg = Release|Any CPU
		{02644BDE-21E5-4096-A1B2-1F83F3D160D8}.134Release|Any CPU.Build.0 = Release|Any CPU
		{02644BDE-21E5-4096-A1B2-1F83F3D160D8}.Debug|Any CPU.ActiveCfg = Debug|Any CPU
		{02644BDE-21E5-4096-A1B2-1F83F3D160D8}.Debug|Any CPU.Build.0 = Debug|Any CPU
		{02644BDE-21E5-4096-A1B2-1F83F3D160D8}.Release|Any CPU.ActiveCfg = Release|Any CPU
		{02644BDE-21E5-4096-A1B2-1F83F3D160D8}.Release|Any CPU.Build.0 = Release|Any CPU
		{02644BDE-21E5-4096-A1B2-1F83F3D160D8}.Test|Any CPU.ActiveCfg = Release|Any CPU
		{02644BDE-21E5-4096-A1B2-1F83F3D160D8}.Test|Any CPU.Build.0 = Release|Any CPU
		{28EEBE1A-96B2-4CC4-B792-AD1B414F29D8}.134Release|Any CPU.ActiveCfg = Release|Any CPU
		{28EEBE1A-96B2-4CC4-B792-AD1B414F29D8}.134Release|Any CPU.Build.0 = Release|Any CPU
		{28EEBE1A-96B2-4CC4-B792-AD1B414F29D8}.Debug|Any CPU.ActiveCfg = Debug|Any CPU
		{28EEBE1A-96B2-4CC4-B792-AD1B414F29D8}.Debug|Any CPU.Build.0 = Debug|Any CPU
		{28EEBE1A-96B2-4CC4-B792-AD1B414F29D8}.Release|Any CPU.ActiveCfg = Release|Any CPU
		{28EEBE1A-96B2-4CC4-B792-AD1B414F29D8}.Release|Any CPU.Build.0 = Release|Any CPU
		{28EEBE1A-96B2-4CC4-B792-AD1B414F29D8}.Test|Any CPU.ActiveCfg = Release|Any CPU
		{28EEBE1A-96B2-4CC4-B792-AD1B414F29D8}.Test|Any CPU.Build.0 = Release|Any CPU
		{404CD23D-D0A4-4721-A384-CFD8C7749DCB}.134Release|Any CPU.ActiveCfg = Release|Any CPU
		{404CD23D-D0A4-4721-A384-CFD8C7749DCB}.134Release|Any CPU.Build.0 = Release|Any CPU
		{404CD23D-D0A4-4721-A384-CFD8C7749DCB}.Debug|Any CPU.ActiveCfg = Debug|Any CPU
		{404CD23D-D0A4-4721-A384-CFD8C7749DCB}.Debug|Any CPU.Build.0 = Debug|Any CPU
		{404CD23D-D0A4-4721-A384-CFD8C7749DCB}.Release|Any CPU.ActiveCfg = Release|Any CPU
		{404CD23D-D0A4-4721-A384-CFD8C7749DCB}.Release|Any CPU.Build.0 = Release|Any CPU
		{404CD23D-D0A4-4721-A384-CFD8C7749DCB}.Test|Any CPU.ActiveCfg = Release|Any CPU
		{404CD23D-D0A4-4721-A384-CFD8C7749DCB}.Test|Any CPU.Build.0 = Release|Any CPU
		{C102B8C2-285F-4D32-827F-2E2BE1AC2179}.134Release|Any CPU.ActiveCfg = Release|Any CPU
		{C102B8C2-285F-4D32-827F-2E2BE1AC2179}.134Release|Any CPU.Build.0 = Release|Any CPU
		{C102B8C2-285F-4D32-827F-2E2BE1AC2179}.Debug|Any CPU.ActiveCfg = Debug|Any CPU
		{C102B8C2-285F-4D32-827F-2E2BE1AC2179}.Debug|Any CPU.Build.0 = Debug|Any CPU
		{C102B8C2-285F-4D32-827F-2E2BE1AC2179}.Release|Any CPU.ActiveCfg = Release|Any CPU
		{C102B8C2-285F-4D32-827F-2E2BE1AC2179}.Release|Any CPU.Build.0 = Release|Any CPU
		{C102B8C2-285F-4D32-827F-2E2BE1AC2179}.Test|Any CPU.ActiveCfg = Release|Any CPU
		{C102B8C2-285F-4D32-827F-2E2BE1AC2179}.Test|Any CPU.Build.0 = Release|Any CPU
		{5F11D342-C075-497D-A1BE-F0C8D9217AB0}.134Release|Any CPU.ActiveCfg = Release|Any CPU
		{5F11D342-C075-497D-A1BE-F0C8D9217AB0}.134Release|Any CPU.Build.0 = Release|Any CPU
		{5F11D342-C075-497D-A1BE-F0C8D9217AB0}.Debug|Any CPU.ActiveCfg = Debug|Any CPU
		{5F11D342-C075-497D-A1BE-F0C8D9217AB0}.Debug|Any CPU.Build.0 = Debug|Any CPU
		{5F11D342-C075-497D-A1BE-F0C8D9217AB0}.Release|Any CPU.ActiveCfg = Release|Any CPU
		{5F11D342-C075-497D-A1BE-F0C8D9217AB0}.Release|Any CPU.Build.0 = Release|Any CPU
		{5F11D342-C075-497D-A1BE-F0C8D9217AB0}.Test|Any CPU.ActiveCfg = Release|Any CPU
		{5F11D342-C075-497D-A1BE-F0C8D9217AB0}.Test|Any CPU.Build.0 = Release|Any CPU
		{6D2140A2-35B0-4256-9770-BE7A6A1C8C1A}.134Release|Any CPU.ActiveCfg = 134Release|Any CPU
		{6D2140A2-35B0-4256-9770-BE7A6A1C8C1A}.134Release|Any CPU.Build.0 = 134Release|Any CPU
		{6D2140A2-35B0-4256-9770-BE7A6A1C8C1A}.Debug|Any CPU.ActiveCfg = Debug|Any CPU
		{6D2140A2-35B0-4256-9770-BE7A6A1C8C1A}.Debug|Any CPU.Build.0 = Debug|Any CPU
		{6D2140A2-35B0-4256-9770-BE7A6A1C8C1A}.Release|Any CPU.ActiveCfg = Release|Any CPU
		{6D2140A2-35B0-4256-9770-BE7A6A1C8C1A}.Release|Any CPU.Build.0 = Release|Any CPU
		{6D2140A2-35B0-4256-9770-BE7A6A1C8C1A}.Test|Any CPU.ActiveCfg = Release|Any CPU
		{6D2140A2-35B0-4256-9770-BE7A6A1C8C1A}.Test|Any CPU.Build.0 = Release|Any CPU
	EndGlobalSection
	GlobalSection(SolutionProperties) = preSolution
		HideSolutionNode = FALSE
	EndGlobalSection
	GlobalSection(NestedProjects) = preSolution
		{7C4C5E46-88A4-4D61-BC7F-D15073B08404} = {B4EA47F3-4D7D-4D22-8F30-6224FBC730F9}
		{E9C62BC0-8035-4697-AFE8-81F577F02851} = {B4EA47F3-4D7D-4D22-8F30-6224FBC730F9}
		{1770B82D-79E5-4A33-9F0C-1D4A761EE96E} = {E9C62BC0-8035-4697-AFE8-81F577F02851}
		{A89EA90D-0A1B-4250-9206-C90C02078A54} = {7C4C5E46-88A4-4D61-BC7F-D15073B08404}
		{EA2310DA-8889-4D8D-8784-217DCBC2C2F6} = {7C4C5E46-88A4-4D61-BC7F-D15073B08404}
		{D8AD0533-C9DB-449B-8C9F-FCF810C594CF} = {7C4C5E46-88A4-4D61-BC7F-D15073B08404}
		{EBC85FAC-8DB9-4CC3-A55D-43CDD9C3496C} = {B4EA47F3-4D7D-4D22-8F30-6224FBC730F9}
		{59197B8C-7106-47D5-A057-D46B0B26AE25} = {EBC85FAC-8DB9-4CC3-A55D-43CDD9C3496C}
		{11347721-45D0-436B-879A-C841E888FD7C} = {EBC85FAC-8DB9-4CC3-A55D-43CDD9C3496C}
		{8F9725A5-4963-4077-9B92-A42D6B6C7458} = {B4EA47F3-4D7D-4D22-8F30-6224FBC730F9}
		{B10420DD-EEDF-408D-A8F3-D1647376F399} = {8F9725A5-4963-4077-9B92-A42D6B6C7458}
		{FC7C1967-C6B6-49ED-A376-ECE4DA7A62BF} = {8F9725A5-4963-4077-9B92-A42D6B6C7458}
		{A48FDD4E-9B1B-4DF6-A0AA-1F4F66DFD2DB} = {A7D24D3D-8263-40CE-B09E-0D0DF9C2DD21}
		{02644BDE-21E5-4096-A1B2-1F83F3D160D8} = {A7D24D3D-8263-40CE-B09E-0D0DF9C2DD21}
		{28EEBE1A-96B2-4CC4-B792-AD1B414F29D8} = {A7CD37AB-7A8F-40A6-8DBA-2F6F0945C71D}
		{404CD23D-D0A4-4721-A384-CFD8C7749DCB} = {7C4C5E46-88A4-4D61-BC7F-D15073B08404}
		{C102B8C2-285F-4D32-827F-2E2BE1AC2179} = {8F9725A5-4963-4077-9B92-A42D6B6C7458}
		{5F11D342-C075-497D-A1BE-F0C8D9217AB0} = {8F9725A5-4963-4077-9B92-A42D6B6C7458}
		{224BC144-3AEA-467B-9558-4F77D90FC1DE} = {B4EA47F3-4D7D-4D22-8F30-6224FBC730F9}
		{6D2140A2-35B0-4256-9770-BE7A6A1C8C1A} = {224BC144-3AEA-467B-9558-4F77D90FC1DE}
	EndGlobalSection
EndGlobal
